// !$*UTF8*$!
{
	archiveVersion = 1;
	classes = {
	};
	objectVersion = 56;
	objects = {

/* Begin PBXBuildFile section */
		5A3317C18BD1DA347AFCFA47 /* Pods_DotCall.framework in Frameworks */ = {isa = PBXBuildFile; fileRef = B878B1DE3AAB8D7AFE0BDA49 /* Pods_DotCall.framework */; };
		E22126EE2BD7E5C200AAA7D2 /* SignupConfirmationController.swift in Sources */ = {isa = PBXBuildFile; fileRef = E22126ED2BD7E5C200AAA7D2 /* SignupConfirmationController.swift */; };
		E22B6BFF2BD6261700D9E9CE /* SceneDelegate.swift in Sources */ = {isa = PBXBuildFile; fileRef = E22B6BFE2BD6261700D9E9CE /* SceneDelegate.swift */; };
		E22B6C012BD6261700D9E9CE /* ViewController.swift in Sources */ = {isa = PBXBuildFile; fileRef = E22B6C002BD6261700D9E9CE /* ViewController.swift */; };
		E22B6C042BD6261700D9E9CE /* MainAuth.storyboard in Resources */ = {isa = PBXBuildFile; fileRef = E22B6C022BD6261700D9E9CE /* MainAuth.storyboard */; };
		E22B6C062BD6261800D9E9CE /* Assets.xcassets in Resources */ = {isa = PBXBuildFile; fileRef = E22B6C052BD6261800D9E9CE /* Assets.xcassets */; };
		E22B6C092BD6261800D9E9CE /* LaunchScreen.storyboard in Resources */ = {isa = PBXBuildFile; fileRef = E22B6C072BD6261800D9E9CE /* LaunchScreen.storyboard */; };
		E22B6C142BD6261800D9E9CE /* DotCallTests.swift in Sources */ = {isa = PBXBuildFile; fileRef = E22B6C132BD6261800D9E9CE /* DotCallTests.swift */; };
		E22B6C1E2BD6261800D9E9CE /* DotCallUITests.swift in Sources */ = {isa = PBXBuildFile; fileRef = E22B6C1D2BD6261800D9E9CE /* DotCallUITests.swift */; };
		E22B6C202BD6261800D9E9CE /* DotCallUITestsLaunchTests.swift in Sources */ = {isa = PBXBuildFile; fileRef = E22B6C1F2BD6261800D9E9CE /* DotCallUITestsLaunchTests.swift */; };
		E23C79902BD7C0760027ECFC /* ForgotPasswordController.swift in Sources */ = {isa = PBXBuildFile; fileRef = E23C798F2BD7C0760027ECFC /* ForgotPasswordController.swift */; };
		E23C79922BD7CC5B0027ECFC /* SignupInformationController.swift in Sources */ = {isa = PBXBuildFile; fileRef = E23C79912BD7CC5B0027ECFC /* SignupInformationController.swift */; };
		E23E2C482BE13448004D85B7 /* AppStoryboard.storyboard in Resources */ = {isa = PBXBuildFile; fileRef = E23E2C472BE13448004D85B7 /* AppStoryboard.storyboard */; };
		E23E2C552BE1441D004D85B7 /* AuthManager.swift in Sources */ = {isa = PBXBuildFile; fileRef = E23E2C542BE1441D004D85B7 /* AuthManager.swift */; };
		E23E2C5D2BE20A00004D85B7 /* GoogleService-Info.plist in Resources */ = {isa = PBXBuildFile; fileRef = E23E2C5C2BE20A00004D85B7 /* GoogleService-Info.plist */; };
		E23E2C602BE2167A004D85B7 /* LoadingManager.swift in Sources */ = {isa = PBXBuildFile; fileRef = E23E2C5F2BE2167A004D85B7 /* LoadingManager.swift */; };
		E23E2C662BE272CB004D85B7 /* User.swift in Sources */ = {isa = PBXBuildFile; fileRef = E23E2C652BE272CA004D85B7 /* User.swift */; };
		E23E2C682BE35956004D85B7 /* SummaryViewController.swift in Sources */ = {isa = PBXBuildFile; fileRef = E23E2C672BE35956004D85B7 /* SummaryViewController.swift */; };
		E23E2C6A2BE35964004D85B7 /* SettingsViewController.swift in Sources */ = {isa = PBXBuildFile; fileRef = E23E2C692BE35964004D85B7 /* SettingsViewController.swift */; };
		E23E2C6C2BE35976004D85B7 /* FriendsViewController.swift in Sources */ = {isa = PBXBuildFile; fileRef = E23E2C6B2BE35976004D85B7 /* FriendsViewController.swift */; };
		E23E2C6E2BE35984004D85B7 /* RecentCallViewController.swift in Sources */ = {isa = PBXBuildFile; fileRef = E23E2C6D2BE35984004D85B7 /* RecentCallViewController.swift */; };
		E23FDE2F2BF0C2B300B031CC /* PublicProfileSection.swift in Sources */ = {isa = PBXBuildFile; fileRef = E23FDE2E2BF0C2B300B031CC /* PublicProfileSection.swift */; };
		E23FDE332BF117D500B031CC /* CallViewController.swift in Sources */ = {isa = PBXBuildFile; fileRef = E23FDE322BF117D500B031CC /* CallViewController.swift */; };
		E23FDE352BF1190800B031CC /* CallManager.swift in Sources */ = {isa = PBXBuildFile; fileRef = E23FDE342BF1190800B031CC /* CallManager.swift */; };
		E23FDE372BF129AA00B031CC /* IncommingCallViewController.swift in Sources */ = {isa = PBXBuildFile; fileRef = E23FDE362BF129AA00B031CC /* IncommingCallViewController.swift */; };
		E23FDE392BF129C100B031CC /* OutgoingCallViewController.swift in Sources */ = {isa = PBXBuildFile; fileRef = E23FDE382BF129C100B031CC /* OutgoingCallViewController.swift */; };
		E2444C502C0C6ED00058A656 /* AddFriendTableViewController.swift in Sources */ = {isa = PBXBuildFile; fileRef = E2444C4F2C0C6ED00058A656 /* AddFriendTableViewController.swift */; };
		E2444C562C0C76270058A656 /* AddFriendCell.swift in Sources */ = {isa = PBXBuildFile; fileRef = E2444C542C0C76260058A656 /* AddFriendCell.swift */; };
		E2444C572C0C76270058A656 /* AddFriendCell.xib in Resources */ = {isa = PBXBuildFile; fileRef = E2444C552C0C76260058A656 /* AddFriendCell.xib */; };
		E2444C5A2C0C82410058A656 /* CenteredTextTableViewCell.swift in Sources */ = {isa = PBXBuildFile; fileRef = E2444C592C0C82410058A656 /* CenteredTextTableViewCell.swift */; };
		E2444C5D2C0E0FBE0058A656 /* AcceptFriendsTableViewCell.swift in Sources */ = {isa = PBXBuildFile; fileRef = E2444C5B2C0E0FBE0058A656 /* AcceptFriendsTableViewCell.swift */; };
		E2444C5E2C0E0FBE0058A656 /* AcceptFriendsTableViewCell.xib in Resources */ = {isa = PBXBuildFile; fileRef = E2444C5C2C0E0FBE0058A656 /* AcceptFriendsTableViewCell.xib */; };
		E2446D402BF624F100FD4214 /* AppDelegate.swift in Sources */ = {isa = PBXBuildFile; fileRef = E2446D3F2BF624F100FD4214 /* AppDelegate.swift */; };
		E2446D422BF6429F00FD4214 /* Theme.swift in Sources */ = {isa = PBXBuildFile; fileRef = E2446D412BF6429F00FD4214 /* Theme.swift */; };
		E2446D442BF663DD00FD4214 /* PublicProfileViewCell.swift in Sources */ = {isa = PBXBuildFile; fileRef = E2446D432BF663DD00FD4214 /* PublicProfileViewCell.swift */; };
		E2446D462BF7DAC200FD4214 /* LogOutViewCell.swift in Sources */ = {isa = PBXBuildFile; fileRef = E2446D452BF7DAC200FD4214 /* LogOutViewCell.swift */; };
		E2446D532BF8D45B00FD4214 /* ContactProfileViewCell.swift in Sources */ = {isa = PBXBuildFile; fileRef = E2446D512BF8D45B00FD4214 /* ContactProfileViewCell.swift */; };
		E2446D542BF8D45B00FD4214 /* ContactProfileViewCell.xib in Resources */ = {isa = PBXBuildFile; fileRef = E2446D522BF8D45B00FD4214 /* ContactProfileViewCell.xib */; };
		E24CA4972BF8F02800D31185 /* ChatCallViewCell.swift in Sources */ = {isa = PBXBuildFile; fileRef = E24CA4952BF8F02800D31185 /* ChatCallViewCell.swift */; };
		E24CA4982BF8F02800D31185 /* ChatCallViewCell.xib in Resources */ = {isa = PBXBuildFile; fileRef = E24CA4962BF8F02800D31185 /* ChatCallViewCell.xib */; };
		E24CA49A2BF9106100D31185 /* SummarybyContactViewController.swift in Sources */ = {isa = PBXBuildFile; fileRef = E24CA4992BF9106100D31185 /* SummarybyContactViewController.swift */; };
		E24CA49D2BF919F000D31185 /* SummaryByContactViewCell.swift in Sources */ = {isa = PBXBuildFile; fileRef = E24CA49B2BF919F000D31185 /* SummaryByContactViewCell.swift */; };
		E24CA49E2BF919F000D31185 /* SummaryByContactViewCell.xib in Resources */ = {isa = PBXBuildFile; fileRef = E24CA49C2BF919F000D31185 /* SummaryByContactViewCell.xib */; };
		E2537A722BF4F784002BACFE /* SummarySection.swift in Sources */ = {isa = PBXBuildFile; fileRef = E2537A712BF4F784002BACFE /* SummarySection.swift */; };
		E26B308B2BEA1C6000138A8A /* DetailSummaryViewController.swift in Sources */ = {isa = PBXBuildFile; fileRef = E26B308A2BEA1C6000138A8A /* DetailSummaryViewController.swift */; };
		E26B308F2BEA3C7A00138A8A /* TranscriptionCell.swift in Sources */ = {isa = PBXBuildFile; fileRef = E26B308D2BEA3C7900138A8A /* TranscriptionCell.swift */; };
		E26B30902BEA3C7A00138A8A /* TranscriptionCell.xib in Resources */ = {isa = PBXBuildFile; fileRef = E26B308E2BEA3C7A00138A8A /* TranscriptionCell.xib */; };
		E26B30942BEA7A5500138A8A /* SelectContactsViewController.swift in Sources */ = {isa = PBXBuildFile; fileRef = E26B30932BEA7A5500138A8A /* SelectContactsViewController.swift */; };
		E26B30962BEC513800138A8A /* ContactProfileViewController.swift in Sources */ = {isa = PBXBuildFile; fileRef = E26B30952BEC513800138A8A /* ContactProfileViewController.swift */; };
		E26B309D2BEC8FC700138A8A /* SettingsSection.swift in Sources */ = {isa = PBXBuildFile; fileRef = E26B309C2BEC8FC700138A8A /* SettingsSection.swift */; };
		E26B30AE2BECD3E800138A8A /* SettingsViewCell.swift in Sources */ = {isa = PBXBuildFile; fileRef = E26B30AD2BECD3E800138A8A /* SettingsViewCell.swift */; };
		E26B30B42BEFA3DA00138A8A /* GeneralSettingsViewCell.swift in Sources */ = {isa = PBXBuildFile; fileRef = E26B30B32BEFA3DA00138A8A /* GeneralSettingsViewCell.swift */; };
		E26B30B62BEFBF2700138A8A /* EditProfileViewController.swift in Sources */ = {isa = PBXBuildFile; fileRef = E26B30B52BEFBF2700138A8A /* EditProfileViewController.swift */; };
		E26C0D322BF050E80035A081 /* NameViewCell.swift in Sources */ = {isa = PBXBuildFile; fileRef = E26C0D312BF050E80035A081 /* NameViewCell.swift */; };
		E26C0D372BF07D650035A081 /* ProfileImageViewCell.swift in Sources */ = {isa = PBXBuildFile; fileRef = E26C0D352BF07D650035A081 /* ProfileImageViewCell.swift */; };
		E26C0D382BF07D650035A081 /* ProfileImageViewCell.xib in Resources */ = {isa = PBXBuildFile; fileRef = E26C0D362BF07D650035A081 /* ProfileImageViewCell.xib */; };
		E27A00C72BE3A14F002A598B /* SummarizeCell.swift in Sources */ = {isa = PBXBuildFile; fileRef = E27A00C52BE3A14F002A598B /* SummarizeCell.swift */; };
		E27A00C82BE3A14F002A598B /* SummarizeCell.xib in Resources */ = {isa = PBXBuildFile; fileRef = E27A00C62BE3A14F002A598B /* SummarizeCell.xib */; };
		E27A00D02BE3FF15002A598B /* ContactPerson.swift in Sources */ = {isa = PBXBuildFile; fileRef = E27A00CF2BE3FF15002A598B /* ContactPerson.swift */; };
		E27E2E012BD64F0600D89CD8 /* Inter.ttf in Resources */ = {isa = PBXBuildFile; fileRef = E27E2E002BD64F0600D89CD8 /* Inter.ttf */; };
		E27E2E032BD6638400D89CD8 /* Constants.swift in Sources */ = {isa = PBXBuildFile; fileRef = E27E2E022BD6638400D89CD8 /* Constants.swift */; };
		E27E2E052BD684C400D89CD8 /* LoginViewController.swift in Sources */ = {isa = PBXBuildFile; fileRef = E27E2E042BD684C400D89CD8 /* LoginViewController.swift */; };
		E28FEB2A2C10387200AFD587 /* CallLog.swift in Sources */ = {isa = PBXBuildFile; fileRef = E28FEB292C10387200AFD587 /* CallLog.swift */; };
		E28FEB2C2C10388D00AFD587 /* Summary.swift in Sources */ = {isa = PBXBuildFile; fileRef = E28FEB2B2C10388D00AFD587 /* Summary.swift */; };
		E28FEB2E2C1038AC00AFD587 /* SummaryUser.swift in Sources */ = {isa = PBXBuildFile; fileRef = E28FEB2D2C1038AC00AFD587 /* SummaryUser.swift */; };
		E28FEB332C103A2100AFD587 /* RealmSwift in Frameworks */ = {isa = PBXBuildFile; productRef = E28FEB322C103A2100AFD587 /* RealmSwift */; };
		E28FEB372C103FA100AFD587 /* FirebaseAuth in Frameworks */ = {isa = PBXBuildFile; productRef = E28FEB362C103FA100AFD587 /* FirebaseAuth */; };
		E28FEB392C103FC400AFD587 /* IQKeyboardManagerSwift in Frameworks */ = {isa = PBXBuildFile; productRef = E28FEB382C103FC400AFD587 /* IQKeyboardManagerSwift */; };
		E28FEB3B2C103FD400AFD587 /* FirebaseFirestore in Frameworks */ = {isa = PBXBuildFile; productRef = E28FEB3A2C103FD400AFD587 /* FirebaseFirestore */; };
		E28FEB3D2C10434D00AFD587 /* Friend.swift in Sources */ = {isa = PBXBuildFile; fileRef = E28FEB3C2C10434D00AFD587 /* Friend.swift */; };
		E29C887C2BE4E8BB00B335F7 /* FriendCell.swift in Sources */ = {isa = PBXBuildFile; fileRef = E29C887A2BE4E8BB00B335F7 /* FriendCell.swift */; };
		E29C887D2BE4E8BB00B335F7 /* FriendCell.xib in Resources */ = {isa = PBXBuildFile; fileRef = E29C887B2BE4E8BB00B335F7 /* FriendCell.xib */; };
		E29C88812BE4EC8800B335F7 /* RecentCallCell.swift in Sources */ = {isa = PBXBuildFile; fileRef = E29C887F2BE4EC8800B335F7 /* RecentCallCell.swift */; };
		E29C88822BE4EC8800B335F7 /* RecentCallCell.xib in Resources */ = {isa = PBXBuildFile; fileRef = E29C88802BE4EC8800B335F7 /* RecentCallCell.xib */; };
		E2B3F7BA2BF4C64200710DC9 /* RecordViewCell.swift in Sources */ = {isa = PBXBuildFile; fileRef = E2B3F7B82BF4C64200710DC9 /* RecordViewCell.swift */; };
		E2B3F7BB2BF4C64200710DC9 /* RecordViewCell.xib in Resources */ = {isa = PBXBuildFile; fileRef = E2B3F7B92BF4C64200710DC9 /* RecordViewCell.xib */; };
		E2E140422BDEA32D00F3A48C /* CountrySelector.swift in Sources */ = {isa = PBXBuildFile; fileRef = E2E140412BDEA32D00F3A48C /* CountrySelector.swift */; };
		E2F7855E2BF5CECE001CFCD8 /* ParticipantViewCell.swift in Sources */ = {isa = PBXBuildFile; fileRef = E2F7855C2BF5CECE001CFCD8 /* ParticipantViewCell.swift */; };
		E2F7855F2BF5CECE001CFCD8 /* ParticipantViewCell.xib in Resources */ = {isa = PBXBuildFile; fileRef = E2F7855D2BF5CECE001CFCD8 /* ParticipantViewCell.xib */; };
		E2F785622BF5D01C001CFCD8 /* SummaryViewCell.swift in Sources */ = {isa = PBXBuildFile; fileRef = E2F785602BF5D01C001CFCD8 /* SummaryViewCell.swift */; };
		E2F785632BF5D01C001CFCD8 /* SummaryViewCell.xib in Resources */ = {isa = PBXBuildFile; fileRef = E2F785612BF5D01C001CFCD8 /* SummaryViewCell.xib */; };
		E2F785692BF5DF92001CFCD8 /* TabViewController.swift in Sources */ = {isa = PBXBuildFile; fileRef = E2F785682BF5DF92001CFCD8 /* TabViewController.swift */; };
/* End PBXBuildFile section */

/* Begin PBXContainerItemProxy section */
		E22B6C102BD6261800D9E9CE /* PBXContainerItemProxy */ = {
			isa = PBXContainerItemProxy;
			containerPortal = E22B6BF12BD6261600D9E9CE /* Project object */;
			proxyType = 1;
			remoteGlobalIDString = E22B6BF82BD6261700D9E9CE;
			remoteInfo = DotCall;
		};
		E22B6C1A2BD6261800D9E9CE /* PBXContainerItemProxy */ = {
			isa = PBXContainerItemProxy;
			containerPortal = E22B6BF12BD6261600D9E9CE /* Project object */;
			proxyType = 1;
			remoteGlobalIDString = E22B6BF82BD6261700D9E9CE;
			remoteInfo = DotCall;
		};
/* End PBXContainerItemProxy section */

/* Begin PBXCopyFilesBuildPhase section */
		E2B4C1862C00C5E6008050A5 /* Embed Frameworks */ = {
			isa = PBXCopyFilesBuildPhase;
			buildActionMask = 2147483647;
			dstPath = "";
			dstSubfolderSpec = 10;
			files = (
			);
			name = "Embed Frameworks";
			runOnlyForDeploymentPostprocessing = 0;
		};
/* End PBXCopyFilesBuildPhase section */

/* Begin PBXFileReference section */
		2D726AC61A7F398581195D3C /* Pods-DotCall.release.xcconfig */ = {isa = PBXFileReference; includeInIndex = 1; lastKnownFileType = text.xcconfig; name = "Pods-DotCall.release.xcconfig"; path = "Target Support Files/Pods-DotCall/Pods-DotCall.release.xcconfig"; sourceTree = "<group>"; };
		9477A594A9FB70D6B02162B9 /* Pods-DotCall.debug.xcconfig */ = {isa = PBXFileReference; includeInIndex = 1; lastKnownFileType = text.xcconfig; name = "Pods-DotCall.debug.xcconfig"; path = "Target Support Files/Pods-DotCall/Pods-DotCall.debug.xcconfig"; sourceTree = "<group>"; };
		B878B1DE3AAB8D7AFE0BDA49 /* Pods_DotCall.framework */ = {isa = PBXFileReference; explicitFileType = wrapper.framework; includeInIndex = 0; path = Pods_DotCall.framework; sourceTree = BUILT_PRODUCTS_DIR; };
		E22126ED2BD7E5C200AAA7D2 /* SignupConfirmationController.swift */ = {isa = PBXFileReference; lastKnownFileType = sourcecode.swift; path = SignupConfirmationController.swift; sourceTree = "<group>"; };
		E22B6BF92BD6261700D9E9CE /* DotCall.app */ = {isa = PBXFileReference; explicitFileType = wrapper.application; includeInIndex = 0; path = DotCall.app; sourceTree = BUILT_PRODUCTS_DIR; };
		E22B6BFE2BD6261700D9E9CE /* SceneDelegate.swift */ = {isa = PBXFileReference; lastKnownFileType = sourcecode.swift; path = SceneDelegate.swift; sourceTree = "<group>"; };
		E22B6C002BD6261700D9E9CE /* ViewController.swift */ = {isa = PBXFileReference; lastKnownFileType = sourcecode.swift; path = ViewController.swift; sourceTree = "<group>"; };
		E22B6C032BD6261700D9E9CE /* Base */ = {isa = PBXFileReference; lastKnownFileType = file.storyboard; name = Base; path = Base.lproj/MainAuth.storyboard; sourceTree = "<group>"; };
		E22B6C052BD6261800D9E9CE /* Assets.xcassets */ = {isa = PBXFileReference; lastKnownFileType = folder.assetcatalog; path = Assets.xcassets; sourceTree = "<group>"; };
		E22B6C082BD6261800D9E9CE /* Base */ = {isa = PBXFileReference; lastKnownFileType = file.storyboard; name = Base; path = Base.lproj/LaunchScreen.storyboard; sourceTree = "<group>"; };
		E22B6C0A2BD6261800D9E9CE /* Info.plist */ = {isa = PBXFileReference; lastKnownFileType = text.plist.xml; path = Info.plist; sourceTree = "<group>"; };
		E22B6C0F2BD6261800D9E9CE /* DotCallTests.xctest */ = {isa = PBXFileReference; explicitFileType = wrapper.cfbundle; includeInIndex = 0; path = DotCallTests.xctest; sourceTree = BUILT_PRODUCTS_DIR; };
		E22B6C132BD6261800D9E9CE /* DotCallTests.swift */ = {isa = PBXFileReference; lastKnownFileType = sourcecode.swift; path = DotCallTests.swift; sourceTree = "<group>"; };
		E22B6C192BD6261800D9E9CE /* DotCallUITests.xctest */ = {isa = PBXFileReference; explicitFileType = wrapper.cfbundle; includeInIndex = 0; path = DotCallUITests.xctest; sourceTree = BUILT_PRODUCTS_DIR; };
		E22B6C1D2BD6261800D9E9CE /* DotCallUITests.swift */ = {isa = PBXFileReference; lastKnownFileType = sourcecode.swift; path = DotCallUITests.swift; sourceTree = "<group>"; };
		E22B6C1F2BD6261800D9E9CE /* DotCallUITestsLaunchTests.swift */ = {isa = PBXFileReference; lastKnownFileType = sourcecode.swift; path = DotCallUITestsLaunchTests.swift; sourceTree = "<group>"; };
		E23C798F2BD7C0760027ECFC /* ForgotPasswordController.swift */ = {isa = PBXFileReference; lastKnownFileType = sourcecode.swift; path = ForgotPasswordController.swift; sourceTree = "<group>"; };
		E23C79912BD7CC5B0027ECFC /* SignupInformationController.swift */ = {isa = PBXFileReference; lastKnownFileType = sourcecode.swift; path = SignupInformationController.swift; sourceTree = "<group>"; };
		E23E2C472BE13448004D85B7 /* AppStoryboard.storyboard */ = {isa = PBXFileReference; lastKnownFileType = file.storyboard; path = AppStoryboard.storyboard; sourceTree = "<group>"; };
		E23E2C542BE1441D004D85B7 /* AuthManager.swift */ = {isa = PBXFileReference; lastKnownFileType = sourcecode.swift; path = AuthManager.swift; sourceTree = "<group>"; };
		E23E2C5C2BE20A00004D85B7 /* GoogleService-Info.plist */ = {isa = PBXFileReference; fileEncoding = 4; lastKnownFileType = text.plist.xml; path = "GoogleService-Info.plist"; sourceTree = "<group>"; };
		E23E2C5F2BE2167A004D85B7 /* LoadingManager.swift */ = {isa = PBXFileReference; lastKnownFileType = sourcecode.swift; path = LoadingManager.swift; sourceTree = "<group>"; };
		E23E2C652BE272CA004D85B7 /* User.swift */ = {isa = PBXFileReference; lastKnownFileType = sourcecode.swift; path = User.swift; sourceTree = "<group>"; };
		E23E2C672BE35956004D85B7 /* SummaryViewController.swift */ = {isa = PBXFileReference; lastKnownFileType = sourcecode.swift; path = SummaryViewController.swift; sourceTree = "<group>"; };
		E23E2C692BE35964004D85B7 /* SettingsViewController.swift */ = {isa = PBXFileReference; lastKnownFileType = sourcecode.swift; path = SettingsViewController.swift; sourceTree = "<group>"; };
		E23E2C6B2BE35976004D85B7 /* FriendsViewController.swift */ = {isa = PBXFileReference; lastKnownFileType = sourcecode.swift; path = FriendsViewController.swift; sourceTree = "<group>"; };
		E23E2C6D2BE35984004D85B7 /* RecentCallViewController.swift */ = {isa = PBXFileReference; lastKnownFileType = sourcecode.swift; path = RecentCallViewController.swift; sourceTree = "<group>"; };
		E23FDE2E2BF0C2B300B031CC /* PublicProfileSection.swift */ = {isa = PBXFileReference; lastKnownFileType = sourcecode.swift; path = PublicProfileSection.swift; sourceTree = "<group>"; };
		E23FDE322BF117D500B031CC /* CallViewController.swift */ = {isa = PBXFileReference; lastKnownFileType = sourcecode.swift; path = CallViewController.swift; sourceTree = "<group>"; };
		E23FDE342BF1190800B031CC /* CallManager.swift */ = {isa = PBXFileReference; lastKnownFileType = sourcecode.swift; path = CallManager.swift; sourceTree = "<group>"; };
		E23FDE362BF129AA00B031CC /* IncommingCallViewController.swift */ = {isa = PBXFileReference; lastKnownFileType = sourcecode.swift; path = IncommingCallViewController.swift; sourceTree = "<group>"; };
		E23FDE382BF129C100B031CC /* OutgoingCallViewController.swift */ = {isa = PBXFileReference; lastKnownFileType = sourcecode.swift; path = OutgoingCallViewController.swift; sourceTree = "<group>"; };
		E2444C4F2C0C6ED00058A656 /* AddFriendTableViewController.swift */ = {isa = PBXFileReference; lastKnownFileType = sourcecode.swift; path = AddFriendTableViewController.swift; sourceTree = "<group>"; };
		E2444C542C0C76260058A656 /* AddFriendCell.swift */ = {isa = PBXFileReference; lastKnownFileType = sourcecode.swift; path = AddFriendCell.swift; sourceTree = "<group>"; };
		E2444C552C0C76260058A656 /* AddFriendCell.xib */ = {isa = PBXFileReference; lastKnownFileType = file.xib; path = AddFriendCell.xib; sourceTree = "<group>"; };
		E2444C592C0C82410058A656 /* CenteredTextTableViewCell.swift */ = {isa = PBXFileReference; lastKnownFileType = sourcecode.swift; path = CenteredTextTableViewCell.swift; sourceTree = "<group>"; };
		E2444C5B2C0E0FBE0058A656 /* AcceptFriendsTableViewCell.swift */ = {isa = PBXFileReference; lastKnownFileType = sourcecode.swift; path = AcceptFriendsTableViewCell.swift; sourceTree = "<group>"; };
		E2444C5C2C0E0FBE0058A656 /* AcceptFriendsTableViewCell.xib */ = {isa = PBXFileReference; lastKnownFileType = file.xib; path = AcceptFriendsTableViewCell.xib; sourceTree = "<group>"; };
		E2446D3F2BF624F100FD4214 /* AppDelegate.swift */ = {isa = PBXFileReference; lastKnownFileType = sourcecode.swift; path = AppDelegate.swift; sourceTree = "<group>"; };
		E2446D412BF6429F00FD4214 /* Theme.swift */ = {isa = PBXFileReference; lastKnownFileType = sourcecode.swift; path = Theme.swift; sourceTree = "<group>"; };
		E2446D432BF663DD00FD4214 /* PublicProfileViewCell.swift */ = {isa = PBXFileReference; lastKnownFileType = sourcecode.swift; path = PublicProfileViewCell.swift; sourceTree = "<group>"; };
		E2446D452BF7DAC200FD4214 /* LogOutViewCell.swift */ = {isa = PBXFileReference; lastKnownFileType = sourcecode.swift; path = LogOutViewCell.swift; sourceTree = "<group>"; };
		E2446D512BF8D45B00FD4214 /* ContactProfileViewCell.swift */ = {isa = PBXFileReference; lastKnownFileType = sourcecode.swift; path = ContactProfileViewCell.swift; sourceTree = "<group>"; };
		E2446D522BF8D45B00FD4214 /* ContactProfileViewCell.xib */ = {isa = PBXFileReference; lastKnownFileType = file.xib; path = ContactProfileViewCell.xib; sourceTree = "<group>"; };
		E24CA4952BF8F02800D31185 /* ChatCallViewCell.swift */ = {isa = PBXFileReference; lastKnownFileType = sourcecode.swift; path = ChatCallViewCell.swift; sourceTree = "<group>"; };
		E24CA4962BF8F02800D31185 /* ChatCallViewCell.xib */ = {isa = PBXFileReference; lastKnownFileType = file.xib; path = ChatCallViewCell.xib; sourceTree = "<group>"; };
		E24CA4992BF9106100D31185 /* SummarybyContactViewController.swift */ = {isa = PBXFileReference; lastKnownFileType = sourcecode.swift; path = SummarybyContactViewController.swift; sourceTree = "<group>"; };
		E24CA49B2BF919F000D31185 /* SummaryByContactViewCell.swift */ = {isa = PBXFileReference; lastKnownFileType = sourcecode.swift; path = SummaryByContactViewCell.swift; sourceTree = "<group>"; };
		E24CA49C2BF919F000D31185 /* SummaryByContactViewCell.xib */ = {isa = PBXFileReference; lastKnownFileType = file.xib; path = SummaryByContactViewCell.xib; sourceTree = "<group>"; };
		E2537A712BF4F784002BACFE /* SummarySection.swift */ = {isa = PBXFileReference; lastKnownFileType = sourcecode.swift; path = SummarySection.swift; sourceTree = "<group>"; };
		E26B308A2BEA1C6000138A8A /* DetailSummaryViewController.swift */ = {isa = PBXFileReference; lastKnownFileType = sourcecode.swift; path = DetailSummaryViewController.swift; sourceTree = "<group>"; };
		E26B308D2BEA3C7900138A8A /* TranscriptionCell.swift */ = {isa = PBXFileReference; lastKnownFileType = sourcecode.swift; path = TranscriptionCell.swift; sourceTree = "<group>"; };
		E26B308E2BEA3C7A00138A8A /* TranscriptionCell.xib */ = {isa = PBXFileReference; lastKnownFileType = file.xib; path = TranscriptionCell.xib; sourceTree = "<group>"; };
		E26B30932BEA7A5500138A8A /* SelectContactsViewController.swift */ = {isa = PBXFileReference; lastKnownFileType = sourcecode.swift; path = SelectContactsViewController.swift; sourceTree = "<group>"; };
		E26B30952BEC513800138A8A /* ContactProfileViewController.swift */ = {isa = PBXFileReference; lastKnownFileType = sourcecode.swift; path = ContactProfileViewController.swift; sourceTree = "<group>"; };
		E26B309C2BEC8FC700138A8A /* SettingsSection.swift */ = {isa = PBXFileReference; lastKnownFileType = sourcecode.swift; path = SettingsSection.swift; sourceTree = "<group>"; };
		E26B30AD2BECD3E800138A8A /* SettingsViewCell.swift */ = {isa = PBXFileReference; lastKnownFileType = sourcecode.swift; path = SettingsViewCell.swift; sourceTree = "<group>"; };
		E26B30B32BEFA3DA00138A8A /* GeneralSettingsViewCell.swift */ = {isa = PBXFileReference; lastKnownFileType = sourcecode.swift; path = GeneralSettingsViewCell.swift; sourceTree = "<group>"; };
		E26B30B52BEFBF2700138A8A /* EditProfileViewController.swift */ = {isa = PBXFileReference; lastKnownFileType = sourcecode.swift; path = EditProfileViewController.swift; sourceTree = "<group>"; };
		E26C0D312BF050E80035A081 /* NameViewCell.swift */ = {isa = PBXFileReference; lastKnownFileType = sourcecode.swift; path = NameViewCell.swift; sourceTree = "<group>"; };
		E26C0D352BF07D650035A081 /* ProfileImageViewCell.swift */ = {isa = PBXFileReference; lastKnownFileType = sourcecode.swift; path = ProfileImageViewCell.swift; sourceTree = "<group>"; };
		E26C0D362BF07D650035A081 /* ProfileImageViewCell.xib */ = {isa = PBXFileReference; lastKnownFileType = file.xib; path = ProfileImageViewCell.xib; sourceTree = "<group>"; };
		E27A00C52BE3A14F002A598B /* SummarizeCell.swift */ = {isa = PBXFileReference; lastKnownFileType = sourcecode.swift; path = SummarizeCell.swift; sourceTree = "<group>"; };
		E27A00C62BE3A14F002A598B /* SummarizeCell.xib */ = {isa = PBXFileReference; lastKnownFileType = file.xib; path = SummarizeCell.xib; sourceTree = "<group>"; };
		E27A00CF2BE3FF15002A598B /* ContactPerson.swift */ = {isa = PBXFileReference; lastKnownFileType = sourcecode.swift; path = ContactPerson.swift; sourceTree = "<group>"; };
		E27E2E002BD64F0600D89CD8 /* Inter.ttf */ = {isa = PBXFileReference; lastKnownFileType = file; path = Inter.ttf; sourceTree = "<group>"; };
		E27E2E022BD6638400D89CD8 /* Constants.swift */ = {isa = PBXFileReference; lastKnownFileType = sourcecode.swift; path = Constants.swift; sourceTree = "<group>"; };
		E27E2E042BD684C400D89CD8 /* LoginViewController.swift */ = {isa = PBXFileReference; lastKnownFileType = sourcecode.swift; path = LoginViewController.swift; sourceTree = "<group>"; };
		E28FEB292C10387200AFD587 /* CallLog.swift */ = {isa = PBXFileReference; lastKnownFileType = sourcecode.swift; path = CallLog.swift; sourceTree = "<group>"; };
		E28FEB2B2C10388D00AFD587 /* Summary.swift */ = {isa = PBXFileReference; lastKnownFileType = sourcecode.swift; path = Summary.swift; sourceTree = "<group>"; };
		E28FEB2D2C1038AC00AFD587 /* SummaryUser.swift */ = {isa = PBXFileReference; lastKnownFileType = sourcecode.swift; path = SummaryUser.swift; sourceTree = "<group>"; };
		E28FEB3C2C10434D00AFD587 /* Friend.swift */ = {isa = PBXFileReference; lastKnownFileType = sourcecode.swift; path = Friend.swift; sourceTree = "<group>"; };
		E29C887A2BE4E8BB00B335F7 /* FriendCell.swift */ = {isa = PBXFileReference; lastKnownFileType = sourcecode.swift; path = FriendCell.swift; sourceTree = "<group>"; };
		E29C887B2BE4E8BB00B335F7 /* FriendCell.xib */ = {isa = PBXFileReference; lastKnownFileType = file.xib; path = FriendCell.xib; sourceTree = "<group>"; };
		E29C887F2BE4EC8800B335F7 /* RecentCallCell.swift */ = {isa = PBXFileReference; lastKnownFileType = sourcecode.swift; path = RecentCallCell.swift; sourceTree = "<group>"; };
		E29C88802BE4EC8800B335F7 /* RecentCallCell.xib */ = {isa = PBXFileReference; lastKnownFileType = file.xib; path = RecentCallCell.xib; sourceTree = "<group>"; };
		E2B3F7B82BF4C64200710DC9 /* RecordViewCell.swift */ = {isa = PBXFileReference; lastKnownFileType = sourcecode.swift; path = RecordViewCell.swift; sourceTree = "<group>"; };
		E2B3F7B92BF4C64200710DC9 /* RecordViewCell.xib */ = {isa = PBXFileReference; lastKnownFileType = file.xib; path = RecordViewCell.xib; sourceTree = "<group>"; };
		E2E140412BDEA32D00F3A48C /* CountrySelector.swift */ = {isa = PBXFileReference; lastKnownFileType = sourcecode.swift; path = CountrySelector.swift; sourceTree = "<group>"; };
		E2F7855C2BF5CECE001CFCD8 /* ParticipantViewCell.swift */ = {isa = PBXFileReference; lastKnownFileType = sourcecode.swift; path = ParticipantViewCell.swift; sourceTree = "<group>"; };
		E2F7855D2BF5CECE001CFCD8 /* ParticipantViewCell.xib */ = {isa = PBXFileReference; lastKnownFileType = file.xib; path = ParticipantViewCell.xib; sourceTree = "<group>"; };
		E2F785602BF5D01C001CFCD8 /* SummaryViewCell.swift */ = {isa = PBXFileReference; lastKnownFileType = sourcecode.swift; path = SummaryViewCell.swift; sourceTree = "<group>"; };
		E2F785612BF5D01C001CFCD8 /* SummaryViewCell.xib */ = {isa = PBXFileReference; lastKnownFileType = file.xib; path = SummaryViewCell.xib; sourceTree = "<group>"; };
		E2F785682BF5DF92001CFCD8 /* TabViewController.swift */ = {isa = PBXFileReference; lastKnownFileType = sourcecode.swift; path = TabViewController.swift; sourceTree = "<group>"; };
/* End PBXFileReference section */

/* Begin PBXFrameworksBuildPhase section */
		E22B6BF62BD6261700D9E9CE /* Frameworks */ = {
			isa = PBXFrameworksBuildPhase;
			buildActionMask = 2147483647;
			files = (
				E28FEB332C103A2100AFD587 /* RealmSwift in Frameworks */,
				E28FEB392C103FC400AFD587 /* IQKeyboardManagerSwift in Frameworks */,
				E28FEB372C103FA100AFD587 /* FirebaseAuth in Frameworks */,
				E28FEB3B2C103FD400AFD587 /* FirebaseFirestore in Frameworks */,
				5A3317C18BD1DA347AFCFA47 /* Pods_DotCall.framework in Frameworks */,
			);
			runOnlyForDeploymentPostprocessing = 0;
		};
		E22B6C0C2BD6261800D9E9CE /* Frameworks */ = {
			isa = PBXFrameworksBuildPhase;
			buildActionMask = 2147483647;
			files = (
			);
			runOnlyForDeploymentPostprocessing = 0;
		};
		E22B6C162BD6261800D9E9CE /* Frameworks */ = {
			isa = PBXFrameworksBuildPhase;
			buildActionMask = 2147483647;
			files = (
			);
			runOnlyForDeploymentPostprocessing = 0;
		};
/* End PBXFrameworksBuildPhase section */

/* Begin PBXGroup section */
		8F80E002A94F0ABB0944A493 /* Pods */ = {
			isa = PBXGroup;
			children = (
				9477A594A9FB70D6B02162B9 /* Pods-DotCall.debug.xcconfig */,
				2D726AC61A7F398581195D3C /* Pods-DotCall.release.xcconfig */,
			);
			path = Pods;
			sourceTree = "<group>";
		};
		A50B2CAC6077A15B4148E63B /* Frameworks */ = {
			isa = PBXGroup;
			children = (
				B878B1DE3AAB8D7AFE0BDA49 /* Pods_DotCall.framework */,
			);
			name = Frameworks;
			sourceTree = "<group>";
		};
		E22B6BF02BD6261600D9E9CE = {
			isa = PBXGroup;
			children = (
				E22B6BFB2BD6261700D9E9CE /* DotCall */,
				E22B6C122BD6261800D9E9CE /* DotCallTests */,
				E22B6C1C2BD6261800D9E9CE /* DotCallUITests */,
				E22B6BFA2BD6261700D9E9CE /* Products */,
				8F80E002A94F0ABB0944A493 /* Pods */,
				A50B2CAC6077A15B4148E63B /* Frameworks */,
			);
			sourceTree = "<group>";
		};
		E22B6BFA2BD6261700D9E9CE /* Products */ = {
			isa = PBXGroup;
			children = (
				E22B6BF92BD6261700D9E9CE /* DotCall.app */,
				E22B6C0F2BD6261800D9E9CE /* DotCallTests.xctest */,
				E22B6C192BD6261800D9E9CE /* DotCallUITests.xctest */,
			);
			name = Products;
			sourceTree = "<group>";
		};
		E22B6BFB2BD6261700D9E9CE /* DotCall */ = {
			isa = PBXGroup;
			children = (
				E23E2C5E2BE21660004D85B7 /* Utilities */,
				E2E140402BDEA30C00F3A48C /* Constants */,
				E27E2DFF2BD64EEC00D89CD8 /* Fonts */,
				E27E2DFE2BD64DBA00D89CD8 /* Views */,
				E27E2DFD2BD64DAA00D89CD8 /* Controllers */,
				E27E2DFC2BD64D9E00D89CD8 /* Models */,
				E22B6BFE2BD6261700D9E9CE /* SceneDelegate.swift */,
				E2446D3F2BF624F100FD4214 /* AppDelegate.swift */,
				E22B6C052BD6261800D9E9CE /* Assets.xcassets */,
				E22B6C072BD6261800D9E9CE /* LaunchScreen.storyboard */,
				E23E2C5C2BE20A00004D85B7 /* GoogleService-Info.plist */,
				E22B6C0A2BD6261800D9E9CE /* Info.plist */,
			);
			path = DotCall;
			sourceTree = "<group>";
		};
		E22B6C122BD6261800D9E9CE /* DotCallTests */ = {
			isa = PBXGroup;
			children = (
				E22B6C132BD6261800D9E9CE /* DotCallTests.swift */,
			);
			path = DotCallTests;
			sourceTree = "<group>";
		};
		E22B6C1C2BD6261800D9E9CE /* DotCallUITests */ = {
			isa = PBXGroup;
			children = (
				E22B6C1D2BD6261800D9E9CE /* DotCallUITests.swift */,
				E22B6C1F2BD6261800D9E9CE /* DotCallUITestsLaunchTests.swift */,
			);
			path = DotCallUITests;
			sourceTree = "<group>";
		};
		E23E2C5E2BE21660004D85B7 /* Utilities */ = {
			isa = PBXGroup;
			children = (
				E23FDE3A2BF1D77000B031CC /* Managers */,
				E23FDE302BF117A900B031CC /* Call */,
			);
			path = Utilities;
			sourceTree = "<group>";
		};
		E23E2C612BE23279004D85B7 /* Auth */ = {
			isa = PBXGroup;
			children = (
				E22B6C002BD6261700D9E9CE /* ViewController.swift */,
				E27E2E042BD684C400D89CD8 /* LoginViewController.swift */,
				E23C798F2BD7C0760027ECFC /* ForgotPasswordController.swift */,
				E23C79912BD7CC5B0027ECFC /* SignupInformationController.swift */,
				E22126ED2BD7E5C200AAA7D2 /* SignupConfirmationController.swift */,
			);
			path = Auth;
			sourceTree = "<group>";
		};
		E23E2C622BE23283004D85B7 /* App */ = {
			isa = PBXGroup;
			children = (
				E23FDE322BF117D500B031CC /* CallViewController.swift */,
				E23E2C672BE35956004D85B7 /* SummaryViewController.swift */,
				E23E2C692BE35964004D85B7 /* SettingsViewController.swift */,
				E23E2C6B2BE35976004D85B7 /* FriendsViewController.swift */,
				E23E2C6D2BE35984004D85B7 /* RecentCallViewController.swift */,
				E26B308A2BEA1C6000138A8A /* DetailSummaryViewController.swift */,
				E26B30932BEA7A5500138A8A /* SelectContactsViewController.swift */,
				E26B30952BEC513800138A8A /* ContactProfileViewController.swift */,
				E26B30B52BEFBF2700138A8A /* EditProfileViewController.swift */,
				E24CA4992BF9106100D31185 /* SummarybyContactViewController.swift */,
				E2444C4F2C0C6ED00058A656 /* AddFriendTableViewController.swift */,
			);
			path = App;
			sourceTree = "<group>";
		};
		E23FDE302BF117A900B031CC /* Call */ = {
			isa = PBXGroup;
			children = (
				E23FDE362BF129AA00B031CC /* IncommingCallViewController.swift */,
				E23FDE382BF129C100B031CC /* OutgoingCallViewController.swift */,
			);
			path = Call;
			sourceTree = "<group>";
		};
		E23FDE3A2BF1D77000B031CC /* Managers */ = {
			isa = PBXGroup;
			children = (
				E23E2C542BE1441D004D85B7 /* AuthManager.swift */,
				E23E2C5F2BE2167A004D85B7 /* LoadingManager.swift */,
				E23FDE342BF1190800B031CC /* CallManager.swift */,
			);
			path = Managers;
			sourceTree = "<group>";
		};
		E2444C512C0C75DC0058A656 /* AddFriend */ = {
			isa = PBXGroup;
			children = (
				E2444C542C0C76260058A656 /* AddFriendCell.swift */,
				E2444C552C0C76260058A656 /* AddFriendCell.xib */,
			);
			path = AddFriend;
			sourceTree = "<group>";
		};
		E2444C582C0C82300058A656 /* CenterCell */ = {
			isa = PBXGroup;
			children = (
				E2444C592C0C82410058A656 /* CenteredTextTableViewCell.swift */,
			);
			path = CenterCell;
			sourceTree = "<group>";
		};
		E2446D4C2BF8D31E00FD4214 /* ContactProfileScenes */ = {
			isa = PBXGroup;
			children = (
				E2446D432BF663DD00FD4214 /* PublicProfileViewCell.swift */,
				E2446D512BF8D45B00FD4214 /* ContactProfileViewCell.swift */,
				E2446D522BF8D45B00FD4214 /* ContactProfileViewCell.xib */,
				E24CA4952BF8F02800D31185 /* ChatCallViewCell.swift */,
				E24CA4962BF8F02800D31185 /* ChatCallViewCell.xib */,
			);
			path = ContactProfileScenes;
			sourceTree = "<group>";
		};
		E26B308C2BEA3C4200138A8A /* Transcription */ = {
			isa = PBXGroup;
			children = (
				E26B308D2BEA3C7900138A8A /* TranscriptionCell.swift */,
				E26B308E2BEA3C7A00138A8A /* TranscriptionCell.xib */,
			);
			path = Transcription;
			sourceTree = "<group>";
		};
		E26B30912BEA661700138A8A /* DetailSummaryCell */ = {
			isa = PBXGroup;
			children = (
				E2B3F7B72BF4C61B00710DC9 /* Recording */,
				E26B308C2BEA3C4200138A8A /* Transcription */,
				E26B30922BEA662E00138A8A /* SummaryCell */,
				E2F7855B2BF5CEAC001CFCD8 /* Participants */,
			);
			path = DetailSummaryCell;
			sourceTree = "<group>";
		};
		E26B30922BEA662E00138A8A /* SummaryCell */ = {
			isa = PBXGroup;
			children = (
				E2F785602BF5D01C001CFCD8 /* SummaryViewCell.swift */,
				E2F785612BF5D01C001CFCD8 /* SummaryViewCell.xib */,
			);
			path = SummaryCell;
			sourceTree = "<group>";
		};
		E26B30972BEC531200138A8A /* SettingsScenes */ = {
			isa = PBXGroup;
			children = (
				E26B30AD2BECD3E800138A8A /* SettingsViewCell.swift */,
				E26B30B32BEFA3DA00138A8A /* GeneralSettingsViewCell.swift */,
				E26C0D352BF07D650035A081 /* ProfileImageViewCell.swift */,
				E26C0D362BF07D650035A081 /* ProfileImageViewCell.xib */,
				E2446D452BF7DAC200FD4214 /* LogOutViewCell.swift */,
			);
			path = SettingsScenes;
			sourceTree = "<group>";
		};
		E26C0D302BF050C80035A081 /* EditProfileScene */ = {
			isa = PBXGroup;
			children = (
				E26C0D312BF050E80035A081 /* NameViewCell.swift */,
			);
			path = EditProfileScene;
			sourceTree = "<group>";
		};
		E27A00C92BE3CC8A002A598B /* SummaryScene */ = {
			isa = PBXGroup;
			children = (
				E27A00C52BE3A14F002A598B /* SummarizeCell.swift */,
				E27A00C62BE3A14F002A598B /* SummarizeCell.xib */,
				E24CA49B2BF919F000D31185 /* SummaryByContactViewCell.swift */,
				E24CA49C2BF919F000D31185 /* SummaryByContactViewCell.xib */,
			);
			path = SummaryScene;
			sourceTree = "<group>";
		};
		E27E2DFC2BD64D9E00D89CD8 /* Models */ = {
			isa = PBXGroup;
			children = (
				E2B5F9642BFD240700D7740B /* Data Model */,
				E23E2C652BE272CA004D85B7 /* User.swift */,
				E27A00CF2BE3FF15002A598B /* ContactPerson.swift */,
				E26B309C2BEC8FC700138A8A /* SettingsSection.swift */,
				E23FDE2E2BF0C2B300B031CC /* PublicProfileSection.swift */,
				E2537A712BF4F784002BACFE /* SummarySection.swift */,
				E2446D412BF6429F00FD4214 /* Theme.swift */,
			);
			path = Models;
			sourceTree = "<group>";
		};
		E27E2DFD2BD64DAA00D89CD8 /* Controllers */ = {
			isa = PBXGroup;
			children = (
				E2F785672BF5DF6C001CFCD8 /* TabBar */,
				E23E2C622BE23283004D85B7 /* App */,
				E23E2C612BE23279004D85B7 /* Auth */,
			);
			path = Controllers;
			sourceTree = "<group>";
		};
		E27E2DFE2BD64DBA00D89CD8 /* Views */ = {
			isa = PBXGroup;
			children = (
				E2B3F7B42BF2E24500710DC9 /* Cocoa Touch */,
				E22B6C022BD6261700D9E9CE /* MainAuth.storyboard */,
				E23E2C472BE13448004D85B7 /* AppStoryboard.storyboard */,
			);
			path = Views;
			sourceTree = "<group>";
		};
		E27E2DFF2BD64EEC00D89CD8 /* Fonts */ = {
			isa = PBXGroup;
			children = (
				E27E2E002BD64F0600D89CD8 /* Inter.ttf */,
			);
			path = Fonts;
			sourceTree = "<group>";
		};
		E29C88752BE4E33200B335F7 /* FriendScene */ = {
			isa = PBXGroup;
			children = (
				E29C887A2BE4E8BB00B335F7 /* FriendCell.swift */,
				E29C887B2BE4E8BB00B335F7 /* FriendCell.xib */,
				E2444C5B2C0E0FBE0058A656 /* AcceptFriendsTableViewCell.swift */,
				E2444C5C2C0E0FBE0058A656 /* AcceptFriendsTableViewCell.xib */,
			);
			path = FriendScene;
			sourceTree = "<group>";
		};
		E29C887E2BE4EC6600B335F7 /* RecentCallScene */ = {
			isa = PBXGroup;
			children = (
				E29C887F2BE4EC8800B335F7 /* RecentCallCell.swift */,
				E29C88802BE4EC8800B335F7 /* RecentCallCell.xib */,
			);
			path = RecentCallScene;
			sourceTree = "<group>";
		};
		E2B3F7B42BF2E24500710DC9 /* Cocoa Touch */ = {
			isa = PBXGroup;
			children = (
				E2444C582C0C82300058A656 /* CenterCell */,
				E2444C512C0C75DC0058A656 /* AddFriend */,
				E2446D4C2BF8D31E00FD4214 /* ContactProfileScenes */,
				E26C0D302BF050C80035A081 /* EditProfileScene */,
				E26B30972BEC531200138A8A /* SettingsScenes */,
				E26B30912BEA661700138A8A /* DetailSummaryCell */,
				E29C887E2BE4EC6600B335F7 /* RecentCallScene */,
				E29C88752BE4E33200B335F7 /* FriendScene */,
				E27A00C92BE3CC8A002A598B /* SummaryScene */,
			);
			path = "Cocoa Touch";
			sourceTree = "<group>";
		};
		E2B3F7B72BF4C61B00710DC9 /* Recording */ = {
			isa = PBXGroup;
			children = (
				E2B3F7B82BF4C64200710DC9 /* RecordViewCell.swift */,
				E2B3F7B92BF4C64200710DC9 /* RecordViewCell.xib */,
			);
			path = Recording;
			sourceTree = "<group>";
		};
		E2B5F9642BFD240700D7740B /* Data Model */ = {
			isa = PBXGroup;
			children = (
				E28FEB292C10387200AFD587 /* CallLog.swift */,
				E28FEB2B2C10388D00AFD587 /* Summary.swift */,
				E28FEB2D2C1038AC00AFD587 /* SummaryUser.swift */,
				E28FEB3C2C10434D00AFD587 /* Friend.swift */,
			);
			path = "Data Model";
			sourceTree = "<group>";
		};
		E2E140402BDEA30C00F3A48C /* Constants */ = {
			isa = PBXGroup;
			children = (
				E27E2E022BD6638400D89CD8 /* Constants.swift */,
				E2E140412BDEA32D00F3A48C /* CountrySelector.swift */,
			);
			path = Constants;
			sourceTree = "<group>";
		};
		E2F7855B2BF5CEAC001CFCD8 /* Participants */ = {
			isa = PBXGroup;
			children = (
				E2F7855C2BF5CECE001CFCD8 /* ParticipantViewCell.swift */,
				E2F7855D2BF5CECE001CFCD8 /* ParticipantViewCell.xib */,
			);
			path = Participants;
			sourceTree = "<group>";
		};
		E2F785672BF5DF6C001CFCD8 /* TabBar */ = {
			isa = PBXGroup;
			children = (
				E2F785682BF5DF92001CFCD8 /* TabViewController.swift */,
			);
			path = TabBar;
			sourceTree = "<group>";
		};
/* End PBXGroup section */

/* Begin PBXNativeTarget section */
		E22B6BF82BD6261700D9E9CE /* DotCall */ = {
			isa = PBXNativeTarget;
			buildConfigurationList = E22B6C232BD6261800D9E9CE /* Build configuration list for PBXNativeTarget "DotCall" */;
			buildPhases = (
				CABC70B509A6CC6C24081F99 /* [CP] Check Pods Manifest.lock */,
				E22B6BF52BD6261700D9E9CE /* Sources */,
				E22B6BF62BD6261700D9E9CE /* Frameworks */,
				E22B6BF72BD6261700D9E9CE /* Resources */,
				E23E2C462BDFF547004D85B7 /* ShellScript */,
				85F23D95D87E8C2CE9464298 /* [CP] Embed Pods Frameworks */,
				E2B4C1862C00C5E6008050A5 /* Embed Frameworks */,
			);
			buildRules = (
			);
			dependencies = (
			);
			name = DotCall;
			packageProductDependencies = (
				E28FEB322C103A2100AFD587 /* RealmSwift */,
				E28FEB362C103FA100AFD587 /* FirebaseAuth */,
				E28FEB382C103FC400AFD587 /* IQKeyboardManagerSwift */,
				E28FEB3A2C103FD400AFD587 /* FirebaseFirestore */,
			);
			productName = DotCall;
			productReference = E22B6BF92BD6261700D9E9CE /* DotCall.app */;
			productType = "com.apple.product-type.application";
		};
		E22B6C0E2BD6261800D9E9CE /* DotCallTests */ = {
			isa = PBXNativeTarget;
			buildConfigurationList = E22B6C262BD6261800D9E9CE /* Build configuration list for PBXNativeTarget "DotCallTests" */;
			buildPhases = (
				E22B6C0B2BD6261800D9E9CE /* Sources */,
				E22B6C0C2BD6261800D9E9CE /* Frameworks */,
				E22B6C0D2BD6261800D9E9CE /* Resources */,
			);
			buildRules = (
			);
			dependencies = (
				E22B6C112BD6261800D9E9CE /* PBXTargetDependency */,
			);
			name = DotCallTests;
			productName = DotCallTests;
			productReference = E22B6C0F2BD6261800D9E9CE /* DotCallTests.xctest */;
			productType = "com.apple.product-type.bundle.unit-test";
		};
		E22B6C182BD6261800D9E9CE /* DotCallUITests */ = {
			isa = PBXNativeTarget;
			buildConfigurationList = E22B6C292BD6261800D9E9CE /* Build configuration list for PBXNativeTarget "DotCallUITests" */;
			buildPhases = (
				E22B6C152BD6261800D9E9CE /* Sources */,
				E22B6C162BD6261800D9E9CE /* Frameworks */,
				E22B6C172BD6261800D9E9CE /* Resources */,
			);
			buildRules = (
			);
			dependencies = (
				E22B6C1B2BD6261800D9E9CE /* PBXTargetDependency */,
			);
			name = DotCallUITests;
			productName = DotCallUITests;
			productReference = E22B6C192BD6261800D9E9CE /* DotCallUITests.xctest */;
			productType = "com.apple.product-type.bundle.ui-testing";
		};
/* End PBXNativeTarget section */

/* Begin PBXProject section */
		E22B6BF12BD6261600D9E9CE /* Project object */ = {
			isa = PBXProject;
			attributes = {
				BuildIndependentTargetsInParallel = 1;
				LastSwiftUpdateCheck = 1520;
				LastUpgradeCheck = 1520;
				TargetAttributes = {
					E22B6BF82BD6261700D9E9CE = {
						CreatedOnToolsVersion = 15.2;
					};
					E22B6C0E2BD6261800D9E9CE = {
						CreatedOnToolsVersion = 15.2;
						TestTargetID = E22B6BF82BD6261700D9E9CE;
					};
					E22B6C182BD6261800D9E9CE = {
						CreatedOnToolsVersion = 15.2;
						TestTargetID = E22B6BF82BD6261700D9E9CE;
					};
				};
			};
			buildConfigurationList = E22B6BF42BD6261600D9E9CE /* Build configuration list for PBXProject "DotCall" */;
			compatibilityVersion = "Xcode 14.0";
			developmentRegion = en;
			hasScannedForEncodings = 0;
			knownRegions = (
				en,
				Base,
			);
			mainGroup = E22B6BF02BD6261600D9E9CE;
			packageReferences = (
				E28FEB2F2C103A2100AFD587 /* XCRemoteSwiftPackageReference "realm-swift" */,
				E28FEB342C103E5400AFD587 /* XCRemoteSwiftPackageReference "IQKeyboardManager" */,
				E28FEB352C103E7600AFD587 /* XCRemoteSwiftPackageReference "firebase-ios-sdk" */,
			);
			productRefGroup = E22B6BFA2BD6261700D9E9CE /* Products */;
			projectDirPath = "";
			projectRoot = "";
			targets = (
				E22B6BF82BD6261700D9E9CE /* DotCall */,
				E22B6C0E2BD6261800D9E9CE /* DotCallTests */,
				E22B6C182BD6261800D9E9CE /* DotCallUITests */,
			);
		};
/* End PBXProject section */

/* Begin PBXResourcesBuildPhase section */
		E22B6BF72BD6261700D9E9CE /* Resources */ = {
			isa = PBXResourcesBuildPhase;
			buildActionMask = 2147483647;
			files = (
				E26C0D382BF07D650035A081 /* ProfileImageViewCell.xib in Resources */,
				E2446D542BF8D45B00FD4214 /* ContactProfileViewCell.xib in Resources */,
				E23E2C482BE13448004D85B7 /* AppStoryboard.storyboard in Resources */,
				E2444C572C0C76270058A656 /* AddFriendCell.xib in Resources */,
				E27E2E012BD64F0600D89CD8 /* Inter.ttf in Resources */,
				E2444C5E2C0E0FBE0058A656 /* AcceptFriendsTableViewCell.xib in Resources */,
				E24CA4982BF8F02800D31185 /* ChatCallViewCell.xib in Resources */,
				E24CA49E2BF919F000D31185 /* SummaryByContactViewCell.xib in Resources */,
				E22B6C092BD6261800D9E9CE /* LaunchScreen.storyboard in Resources */,
				E29C887D2BE4E8BB00B335F7 /* FriendCell.xib in Resources */,
				E22B6C062BD6261800D9E9CE /* Assets.xcassets in Resources */,
				E2F7855F2BF5CECE001CFCD8 /* ParticipantViewCell.xib in Resources */,
				E22B6C042BD6261700D9E9CE /* MainAuth.storyboard in Resources */,
				E29C88822BE4EC8800B335F7 /* RecentCallCell.xib in Resources */,
				E23E2C5D2BE20A00004D85B7 /* GoogleService-Info.plist in Resources */,
				E26B30902BEA3C7A00138A8A /* TranscriptionCell.xib in Resources */,
				E2B3F7BB2BF4C64200710DC9 /* RecordViewCell.xib in Resources */,
				E2F785632BF5D01C001CFCD8 /* SummaryViewCell.xib in Resources */,
				E27A00C82BE3A14F002A598B /* SummarizeCell.xib in Resources */,
			);
			runOnlyForDeploymentPostprocessing = 0;
		};
		E22B6C0D2BD6261800D9E9CE /* Resources */ = {
			isa = PBXResourcesBuildPhase;
			buildActionMask = 2147483647;
			files = (
			);
			runOnlyForDeploymentPostprocessing = 0;
		};
		E22B6C172BD6261800D9E9CE /* Resources */ = {
			isa = PBXResourcesBuildPhase;
			buildActionMask = 2147483647;
			files = (
			);
			runOnlyForDeploymentPostprocessing = 0;
		};
/* End PBXResourcesBuildPhase section */

/* Begin PBXShellScriptBuildPhase section */
		85F23D95D87E8C2CE9464298 /* [CP] Embed Pods Frameworks */ = {
			isa = PBXShellScriptBuildPhase;
			buildActionMask = 2147483647;
			files = (
			);
			inputFileListPaths = (
				"${PODS_ROOT}/Target Support Files/Pods-DotCall/Pods-DotCall-frameworks-${CONFIGURATION}-input-files.xcfilelist",
			);
			name = "[CP] Embed Pods Frameworks";
			outputFileListPaths = (
				"${PODS_ROOT}/Target Support Files/Pods-DotCall/Pods-DotCall-frameworks-${CONFIGURATION}-output-files.xcfilelist",
			);
			runOnlyForDeploymentPostprocessing = 0;
			shellPath = /bin/sh;
			shellScript = "\"${PODS_ROOT}/Target Support Files/Pods-DotCall/Pods-DotCall-frameworks.sh\"\n";
			showEnvVarsInLog = 0;
		};
		CABC70B509A6CC6C24081F99 /* [CP] Check Pods Manifest.lock */ = {
			isa = PBXShellScriptBuildPhase;
			buildActionMask = 2147483647;
			files = (
			);
			inputFileListPaths = (
			);
			inputPaths = (
				"${PODS_PODFILE_DIR_PATH}/Podfile.lock",
				"${PODS_ROOT}/Manifest.lock",
			);
			name = "[CP] Check Pods Manifest.lock";
			outputFileListPaths = (
			);
			outputPaths = (
				"$(DERIVED_FILE_DIR)/Pods-DotCall-checkManifestLockResult.txt",
			);
			runOnlyForDeploymentPostprocessing = 0;
			shellPath = /bin/sh;
			shellScript = "diff \"${PODS_PODFILE_DIR_PATH}/Podfile.lock\" \"${PODS_ROOT}/Manifest.lock\" > /dev/null\nif [ $? != 0 ] ; then\n    # print error to STDERR\n    echo \"error: The sandbox is not in sync with the Podfile.lock. Run 'pod install' or update your CocoaPods installation.\" >&2\n    exit 1\nfi\n# This output is used by Xcode 'outputs' to avoid re-running this script phase.\necho \"SUCCESS\" > \"${SCRIPT_OUTPUT_FILE_0}\"\n";
			showEnvVarsInLog = 0;
		};
		E23E2C462BDFF547004D85B7 /* ShellScript */ = {
			isa = PBXShellScriptBuildPhase;
			buildActionMask = 2147483647;
			files = (
			);
			inputFileListPaths = (
			);
			inputPaths = (
			);
			outputFileListPaths = (
			);
			outputPaths = (
			);
			runOnlyForDeploymentPostprocessing = 0;
			shellPath = /bin/sh;
			shellScript = "";
		};
/* End PBXShellScriptBuildPhase section */

/* Begin PBXSourcesBuildPhase section */
		E22B6BF52BD6261700D9E9CE /* Sources */ = {
			isa = PBXSourcesBuildPhase;
			buildActionMask = 2147483647;
			files = (
				E27A00D02BE3FF15002A598B /* ContactPerson.swift in Sources */,
				E23FDE2F2BF0C2B300B031CC /* PublicProfileSection.swift in Sources */,
				E24CA49A2BF9106100D31185 /* SummarybyContactViewController.swift in Sources */,
				E26B308F2BEA3C7A00138A8A /* TranscriptionCell.swift in Sources */,
				E26B309D2BEC8FC700138A8A /* SettingsSection.swift in Sources */,
				E28FEB2E2C1038AC00AFD587 /* SummaryUser.swift in Sources */,
				E2E140422BDEA32D00F3A48C /* CountrySelector.swift in Sources */,
				E23E2C682BE35956004D85B7 /* SummaryViewController.swift in Sources */,
				E23E2C6A2BE35964004D85B7 /* SettingsViewController.swift in Sources */,
				E23C79902BD7C0760027ECFC /* ForgotPasswordController.swift in Sources */,
				E23FDE372BF129AA00B031CC /* IncommingCallViewController.swift in Sources */,
				E2444C5D2C0E0FBE0058A656 /* AcceptFriendsTableViewCell.swift in Sources */,
				E2446D532BF8D45B00FD4214 /* ContactProfileViewCell.swift in Sources */,
				E23E2C552BE1441D004D85B7 /* AuthManager.swift in Sources */,
				E29C887C2BE4E8BB00B335F7 /* FriendCell.swift in Sources */,
				E23E2C6C2BE35976004D85B7 /* FriendsViewController.swift in Sources */,
				E2F785692BF5DF92001CFCD8 /* TabViewController.swift in Sources */,
				E2444C562C0C76270058A656 /* AddFriendCell.swift in Sources */,
				E2444C502C0C6ED00058A656 /* AddFriendTableViewController.swift in Sources */,
				E26B30B62BEFBF2700138A8A /* EditProfileViewController.swift in Sources */,
				E26B30962BEC513800138A8A /* ContactProfileViewController.swift in Sources */,
				E22B6C012BD6261700D9E9CE /* ViewController.swift in Sources */,
				E26B308B2BEA1C6000138A8A /* DetailSummaryViewController.swift in Sources */,
				E26C0D322BF050E80035A081 /* NameViewCell.swift in Sources */,
				E24CA49D2BF919F000D31185 /* SummaryByContactViewCell.swift in Sources */,
				E23FDE352BF1190800B031CC /* CallManager.swift in Sources */,
				E2446D402BF624F100FD4214 /* AppDelegate.swift in Sources */,
				E27A00C72BE3A14F002A598B /* SummarizeCell.swift in Sources */,
				E2F785622BF5D01C001CFCD8 /* SummaryViewCell.swift in Sources */,
				E2444C5A2C0C82410058A656 /* CenteredTextTableViewCell.swift in Sources */,
				E26C0D372BF07D650035A081 /* ProfileImageViewCell.swift in Sources */,
				E26B30B42BEFA3DA00138A8A /* GeneralSettingsViewCell.swift in Sources */,
				E28FEB3D2C10434D00AFD587 /* Friend.swift in Sources */,
				E2537A722BF4F784002BACFE /* SummarySection.swift in Sources */,
				E23E2C602BE2167A004D85B7 /* LoadingManager.swift in Sources */,
				E23C79922BD7CC5B0027ECFC /* SignupInformationController.swift in Sources */,
				E26B30942BEA7A5500138A8A /* SelectContactsViewController.swift in Sources */,
				E22126EE2BD7E5C200AAA7D2 /* SignupConfirmationController.swift in Sources */,
				E2F7855E2BF5CECE001CFCD8 /* ParticipantViewCell.swift in Sources */,
				E2446D442BF663DD00FD4214 /* PublicProfileViewCell.swift in Sources */,
				E28FEB2C2C10388D00AFD587 /* Summary.swift in Sources */,
				E22B6BFF2BD6261700D9E9CE /* SceneDelegate.swift in Sources */,
				E27E2E052BD684C400D89CD8 /* LoginViewController.swift in Sources */,
				E2B3F7BA2BF4C64200710DC9 /* RecordViewCell.swift in Sources */,
				E23E2C662BE272CB004D85B7 /* User.swift in Sources */,
				E24CA4972BF8F02800D31185 /* ChatCallViewCell.swift in Sources */,
				E26B30AE2BECD3E800138A8A /* SettingsViewCell.swift in Sources */,
				E2446D462BF7DAC200FD4214 /* LogOutViewCell.swift in Sources */,
				E23FDE392BF129C100B031CC /* OutgoingCallViewController.swift in Sources */,
				E28FEB2A2C10387200AFD587 /* CallLog.swift in Sources */,
				E27E2E032BD6638400D89CD8 /* Constants.swift in Sources */,
				E29C88812BE4EC8800B335F7 /* RecentCallCell.swift in Sources */,
				E2446D422BF6429F00FD4214 /* Theme.swift in Sources */,
				E23FDE332BF117D500B031CC /* CallViewController.swift in Sources */,
				E23E2C6E2BE35984004D85B7 /* RecentCallViewController.swift in Sources */,
			);
			runOnlyForDeploymentPostprocessing = 0;
		};
		E22B6C0B2BD6261800D9E9CE /* Sources */ = {
			isa = PBXSourcesBuildPhase;
			buildActionMask = 2147483647;
			files = (
				E22B6C142BD6261800D9E9CE /* DotCallTests.swift in Sources */,
			);
			runOnlyForDeploymentPostprocessing = 0;
		};
		E22B6C152BD6261800D9E9CE /* Sources */ = {
			isa = PBXSourcesBuildPhase;
			buildActionMask = 2147483647;
			files = (
				E22B6C202BD6261800D9E9CE /* DotCallUITestsLaunchTests.swift in Sources */,
				E22B6C1E2BD6261800D9E9CE /* DotCallUITests.swift in Sources */,
			);
			runOnlyForDeploymentPostprocessing = 0;
		};
/* End PBXSourcesBuildPhase section */

/* Begin PBXTargetDependency section */
		E22B6C112BD6261800D9E9CE /* PBXTargetDependency */ = {
			isa = PBXTargetDependency;
			target = E22B6BF82BD6261700D9E9CE /* DotCall */;
			targetProxy = E22B6C102BD6261800D9E9CE /* PBXContainerItemProxy */;
		};
		E22B6C1B2BD6261800D9E9CE /* PBXTargetDependency */ = {
			isa = PBXTargetDependency;
			target = E22B6BF82BD6261700D9E9CE /* DotCall */;
			targetProxy = E22B6C1A2BD6261800D9E9CE /* PBXContainerItemProxy */;
		};
/* End PBXTargetDependency section */

/* Begin PBXVariantGroup section */
		E22B6C022BD6261700D9E9CE /* MainAuth.storyboard */ = {
			isa = PBXVariantGroup;
			children = (
				E22B6C032BD6261700D9E9CE /* Base */,
			);
			name = MainAuth.storyboard;
			sourceTree = "<group>";
		};
		E22B6C072BD6261800D9E9CE /* LaunchScreen.storyboard */ = {
			isa = PBXVariantGroup;
			children = (
				E22B6C082BD6261800D9E9CE /* Base */,
			);
			name = LaunchScreen.storyboard;
			sourceTree = "<group>";
		};
/* End PBXVariantGroup section */

/* Begin XCBuildConfiguration section */
		E22B6C212BD6261800D9E9CE /* Debug */ = {
			isa = XCBuildConfiguration;
			buildSettings = {
				ALWAYS_SEARCH_USER_PATHS = NO;
				ASSETCATALOG_COMPILER_GENERATE_SWIFT_ASSET_SYMBOL_EXTENSIONS = YES;
				CLANG_ANALYZER_NONNULL = YES;
				CLANG_ANALYZER_NUMBER_OBJECT_CONVERSION = YES_AGGRESSIVE;
				CLANG_CXX_LANGUAGE_STANDARD = "gnu++20";
				CLANG_ENABLE_MODULES = YES;
				CLANG_ENABLE_OBJC_ARC = YES;
				CLANG_ENABLE_OBJC_WEAK = YES;
				CLANG_WARN_BLOCK_CAPTURE_AUTORELEASING = YES;
				CLANG_WARN_BOOL_CONVERSION = YES;
				CLANG_WARN_COMMA = YES;
				CLANG_WARN_CONSTANT_CONVERSION = YES;
				CLANG_WARN_DEPRECATED_OBJC_IMPLEMENTATIONS = YES;
				CLANG_WARN_DIRECT_OBJC_ISA_USAGE = YES_ERROR;
				CLANG_WARN_DOCUMENTATION_COMMENTS = YES;
				CLANG_WARN_EMPTY_BODY = YES;
				CLANG_WARN_ENUM_CONVERSION = YES;
				CLANG_WARN_INFINITE_RECURSION = YES;
				CLANG_WARN_INT_CONVERSION = YES;
				CLANG_WARN_NON_LITERAL_NULL_CONVERSION = YES;
				CLANG_WARN_OBJC_IMPLICIT_RETAIN_SELF = YES;
				CLANG_WARN_OBJC_LITERAL_CONVERSION = YES;
				CLANG_WARN_OBJC_ROOT_CLASS = YES_ERROR;
				CLANG_WARN_QUOTED_INCLUDE_IN_FRAMEWORK_HEADER = YES;
				CLANG_WARN_RANGE_LOOP_ANALYSIS = YES;
				CLANG_WARN_STRICT_PROTOTYPES = YES;
				CLANG_WARN_SUSPICIOUS_MOVE = YES;
				CLANG_WARN_UNGUARDED_AVAILABILITY = YES_AGGRESSIVE;
				CLANG_WARN_UNREACHABLE_CODE = YES;
				CLANG_WARN__DUPLICATE_METHOD_MATCH = YES;
				COPY_PHASE_STRIP = NO;
				DEBUG_INFORMATION_FORMAT = dwarf;
				ENABLE_STRICT_OBJC_MSGSEND = YES;
				ENABLE_TESTABILITY = YES;
				ENABLE_USER_SCRIPT_SANDBOXING = YES;
				GCC_C_LANGUAGE_STANDARD = gnu17;
				GCC_DYNAMIC_NO_PIC = NO;
				GCC_NO_COMMON_BLOCKS = YES;
				GCC_OPTIMIZATION_LEVEL = 0;
				GCC_PREPROCESSOR_DEFINITIONS = (
					"DEBUG=1",
					"$(inherited)",
				);
				GCC_WARN_64_TO_32_BIT_CONVERSION = YES;
				GCC_WARN_ABOUT_RETURN_TYPE = YES_ERROR;
				GCC_WARN_UNDECLARED_SELECTOR = YES;
				GCC_WARN_UNINITIALIZED_AUTOS = YES_AGGRESSIVE;
				GCC_WARN_UNUSED_FUNCTION = YES;
				GCC_WARN_UNUSED_VARIABLE = YES;
				IPHONEOS_DEPLOYMENT_TARGET = 17.2;
				LOCALIZATION_PREFERS_STRING_CATALOGS = YES;
				MTL_ENABLE_DEBUG_INFO = INCLUDE_SOURCE;
				MTL_FAST_MATH = YES;
				ONLY_ACTIVE_ARCH = YES;
				SDKROOT = iphoneos;
				SWIFT_ACTIVE_COMPILATION_CONDITIONS = "DEBUG $(inherited)";
				SWIFT_OPTIMIZATION_LEVEL = "-Onone";
			};
			name = Debug;
		};
		E22B6C222BD6261800D9E9CE /* Release */ = {
			isa = XCBuildConfiguration;
			buildSettings = {
				ALWAYS_SEARCH_USER_PATHS = NO;
				ASSETCATALOG_COMPILER_GENERATE_SWIFT_ASSET_SYMBOL_EXTENSIONS = YES;
				CLANG_ANALYZER_NONNULL = YES;
				CLANG_ANALYZER_NUMBER_OBJECT_CONVERSION = YES_AGGRESSIVE;
				CLANG_CXX_LANGUAGE_STANDARD = "gnu++20";
				CLANG_ENABLE_MODULES = YES;
				CLANG_ENABLE_OBJC_ARC = YES;
				CLANG_ENABLE_OBJC_WEAK = YES;
				CLANG_WARN_BLOCK_CAPTURE_AUTORELEASING = YES;
				CLANG_WARN_BOOL_CONVERSION = YES;
				CLANG_WARN_COMMA = YES;
				CLANG_WARN_CONSTANT_CONVERSION = YES;
				CLANG_WARN_DEPRECATED_OBJC_IMPLEMENTATIONS = YES;
				CLANG_WARN_DIRECT_OBJC_ISA_USAGE = YES_ERROR;
				CLANG_WARN_DOCUMENTATION_COMMENTS = YES;
				CLANG_WARN_EMPTY_BODY = YES;
				CLANG_WARN_ENUM_CONVERSION = YES;
				CLANG_WARN_INFINITE_RECURSION = YES;
				CLANG_WARN_INT_CONVERSION = YES;
				CLANG_WARN_NON_LITERAL_NULL_CONVERSION = YES;
				CLANG_WARN_OBJC_IMPLICIT_RETAIN_SELF = YES;
				CLANG_WARN_OBJC_LITERAL_CONVERSION = YES;
				CLANG_WARN_OBJC_ROOT_CLASS = YES_ERROR;
				CLANG_WARN_QUOTED_INCLUDE_IN_FRAMEWORK_HEADER = YES;
				CLANG_WARN_RANGE_LOOP_ANALYSIS = YES;
				CLANG_WARN_STRICT_PROTOTYPES = YES;
				CLANG_WARN_SUSPICIOUS_MOVE = YES;
				CLANG_WARN_UNGUARDED_AVAILABILITY = YES_AGGRESSIVE;
				CLANG_WARN_UNREACHABLE_CODE = YES;
				CLANG_WARN__DUPLICATE_METHOD_MATCH = YES;
				COPY_PHASE_STRIP = NO;
				DEBUG_INFORMATION_FORMAT = "dwarf-with-dsym";
				ENABLE_NS_ASSERTIONS = NO;
				ENABLE_STRICT_OBJC_MSGSEND = YES;
				ENABLE_USER_SCRIPT_SANDBOXING = YES;
				GCC_C_LANGUAGE_STANDARD = gnu17;
				GCC_NO_COMMON_BLOCKS = YES;
				GCC_WARN_64_TO_32_BIT_CONVERSION = YES;
				GCC_WARN_ABOUT_RETURN_TYPE = YES_ERROR;
				GCC_WARN_UNDECLARED_SELECTOR = YES;
				GCC_WARN_UNINITIALIZED_AUTOS = YES_AGGRESSIVE;
				GCC_WARN_UNUSED_FUNCTION = YES;
				GCC_WARN_UNUSED_VARIABLE = YES;
				IPHONEOS_DEPLOYMENT_TARGET = 17.2;
				LOCALIZATION_PREFERS_STRING_CATALOGS = YES;
				MTL_ENABLE_DEBUG_INFO = NO;
				MTL_FAST_MATH = YES;
				SDKROOT = iphoneos;
				SWIFT_COMPILATION_MODE = wholemodule;
				VALIDATE_PRODUCT = YES;
			};
			name = Release;
		};
		E22B6C242BD6261800D9E9CE /* Debug */ = {
			isa = XCBuildConfiguration;
			baseConfigurationReference = 9477A594A9FB70D6B02162B9 /* Pods-DotCall.debug.xcconfig */;
			buildSettings = {
				ASSETCATALOG_COMPILER_APPICON_NAME = AppIcon;
				ASSETCATALOG_COMPILER_GLOBAL_ACCENT_COLOR_NAME = AccentColor;
				ASSETCATALOG_COMPILER_INCLUDE_ALL_APPICON_ASSETS = YES;
				CODE_SIGN_STYLE = Automatic;
				CURRENT_PROJECT_VERSION = 1;
				DEVELOPMENT_TEAM = 9RUVU3VWHV;
				ENABLE_USER_SCRIPT_SANDBOXING = NO;
				GENERATE_INFOPLIST_FILE = YES;
				INFOPLIST_FILE = DotCall/Info.plist;
				INFOPLIST_KEY_CFBundleDisplayName = DotCall;
				INFOPLIST_KEY_LSApplicationCategoryType = "public.app-category.productivity";
				INFOPLIST_KEY_NSContactsUsageDescription = "To improve your experience, we need access to your contacts. Rest assured, we only use this information within the app and do not share it with anyone else.";
				INFOPLIST_KEY_NSFileProviderDomainUsageDescription = "";
				INFOPLIST_KEY_NSMicrophoneUsageDescription = "Need access to microphone for VoIP calls";
				INFOPLIST_KEY_UIApplicationSupportsIndirectInputEvents = YES;
				INFOPLIST_KEY_UILaunchStoryboardName = LaunchScreen.storyboard;
				INFOPLIST_KEY_UISupportedInterfaceOrientations = UIInterfaceOrientationPortrait;
				INFOPLIST_KEY_UISupportedInterfaceOrientations_iPad = "UIInterfaceOrientationLandscapeLeft UIInterfaceOrientationLandscapeRight UIInterfaceOrientationPortrait UIInterfaceOrientationPortraitUpsideDown";
				IPHONEOS_DEPLOYMENT_TARGET = 14.0;
				LD_RUNPATH_SEARCH_PATHS = (
					"$(inherited)",
					"@executable_path/Frameworks",
				);
				MARKETING_VERSION = 1.0;
				PRODUCT_BUNDLE_IDENTIFIER = SWS.DotCall;
				PRODUCT_NAME = "$(TARGET_NAME)";
				SWIFT_EMIT_LOC_STRINGS = YES;
				SWIFT_VERSION = 5.0;
				TARGETED_DEVICE_FAMILY = "1,2";
			};
			name = Debug;
		};
		E22B6C252BD6261800D9E9CE /* Release */ = {
			isa = XCBuildConfiguration;
			baseConfigurationReference = 2D726AC61A7F398581195D3C /* Pods-DotCall.release.xcconfig */;
			buildSettings = {
				ASSETCATALOG_COMPILER_APPICON_NAME = AppIcon;
				ASSETCATALOG_COMPILER_GLOBAL_ACCENT_COLOR_NAME = AccentColor;
				ASSETCATALOG_COMPILER_INCLUDE_ALL_APPICON_ASSETS = YES;
				CODE_SIGN_STYLE = Automatic;
				CURRENT_PROJECT_VERSION = 1;
				DEVELOPMENT_TEAM = 9RUVU3VWHV;
				ENABLE_USER_SCRIPT_SANDBOXING = NO;
				GENERATE_INFOPLIST_FILE = YES;
				INFOPLIST_FILE = DotCall/Info.plist;
				INFOPLIST_KEY_CFBundleDisplayName = DotCall;
				INFOPLIST_KEY_LSApplicationCategoryType = "public.app-category.productivity";
				INFOPLIST_KEY_NSContactsUsageDescription = "To improve your experience, we need access to your contacts. Rest assured, we only use this information within the app and do not share it with anyone else.";
				INFOPLIST_KEY_NSFileProviderDomainUsageDescription = "";
				INFOPLIST_KEY_NSMicrophoneUsageDescription = "Need access to microphone for VoIP calls";
				INFOPLIST_KEY_UIApplicationSupportsIndirectInputEvents = YES;
				INFOPLIST_KEY_UILaunchStoryboardName = LaunchScreen.storyboard;
				INFOPLIST_KEY_UISupportedInterfaceOrientations = UIInterfaceOrientationPortrait;
				INFOPLIST_KEY_UISupportedInterfaceOrientations_iPad = "UIInterfaceOrientationLandscapeLeft UIInterfaceOrientationLandscapeRight UIInterfaceOrientationPortrait UIInterfaceOrientationPortraitUpsideDown";
				IPHONEOS_DEPLOYMENT_TARGET = 14.0;
				LD_RUNPATH_SEARCH_PATHS = (
					"$(inherited)",
					"@executable_path/Frameworks",
				);
				MARKETING_VERSION = 1.0;
				PRODUCT_BUNDLE_IDENTIFIER = SWS.DotCall;
				PRODUCT_NAME = "$(TARGET_NAME)";
				SWIFT_EMIT_LOC_STRINGS = YES;
				SWIFT_VERSION = 5.0;
				TARGETED_DEVICE_FAMILY = "1,2";
			};
			name = Release;
		};
		E22B6C272BD6261800D9E9CE /* Debug */ = {
			isa = XCBuildConfiguration;
			buildSettings = {
				ALWAYS_EMBED_SWIFT_STANDARD_LIBRARIES = YES;
				BUNDLE_LOADER = "$(TEST_HOST)";
				CODE_SIGN_STYLE = Automatic;
				CURRENT_PROJECT_VERSION = 1;
				DEVELOPMENT_TEAM = 9RUVU3VWHV;
				GENERATE_INFOPLIST_FILE = YES;
				IPHONEOS_DEPLOYMENT_TARGET = 17.2;
				MARKETING_VERSION = 1.0;
				PRODUCT_BUNDLE_IDENTIFIER = SWS.DotCallTests;
				PRODUCT_NAME = "$(TARGET_NAME)";
				SWIFT_EMIT_LOC_STRINGS = NO;
				SWIFT_VERSION = 5.0;
				TARGETED_DEVICE_FAMILY = "1,2";
				TEST_HOST = "$(BUILT_PRODUCTS_DIR)/DotCall.app/$(BUNDLE_EXECUTABLE_FOLDER_PATH)/DotCall";
			};
			name = Debug;
		};
		E22B6C282BD6261800D9E9CE /* Release */ = {
			isa = XCBuildConfiguration;
			buildSettings = {
				ALWAYS_EMBED_SWIFT_STANDARD_LIBRARIES = YES;
				BUNDLE_LOADER = "$(TEST_HOST)";
				CODE_SIGN_STYLE = Automatic;
				CURRENT_PROJECT_VERSION = 1;
				DEVELOPMENT_TEAM = 9RUVU3VWHV;
				GENERATE_INFOPLIST_FILE = YES;
				IPHONEOS_DEPLOYMENT_TARGET = 17.2;
				MARKETING_VERSION = 1.0;
				PRODUCT_BUNDLE_IDENTIFIER = SWS.DotCallTests;
				PRODUCT_NAME = "$(TARGET_NAME)";
				SWIFT_EMIT_LOC_STRINGS = NO;
				SWIFT_VERSION = 5.0;
				TARGETED_DEVICE_FAMILY = "1,2";
				TEST_HOST = "$(BUILT_PRODUCTS_DIR)/DotCall.app/$(BUNDLE_EXECUTABLE_FOLDER_PATH)/DotCall";
			};
			name = Release;
		};
		E22B6C2A2BD6261800D9E9CE /* Debug */ = {
			isa = XCBuildConfiguration;
			buildSettings = {
				ALWAYS_EMBED_SWIFT_STANDARD_LIBRARIES = YES;
				CODE_SIGN_STYLE = Automatic;
				CURRENT_PROJECT_VERSION = 1;
				DEVELOPMENT_TEAM = 9RUVU3VWHV;
				GENERATE_INFOPLIST_FILE = YES;
				MARKETING_VERSION = 1.0;
				PRODUCT_BUNDLE_IDENTIFIER = SWS.DotCallUITests;
				PRODUCT_NAME = "$(TARGET_NAME)";
				SWIFT_EMIT_LOC_STRINGS = NO;
				SWIFT_VERSION = 5.0;
				TARGETED_DEVICE_FAMILY = "1,2";
				TEST_TARGET_NAME = DotCall;
			};
			name = Debug;
		};
		E22B6C2B2BD6261800D9E9CE /* Release */ = {
			isa = XCBuildConfiguration;
			buildSettings = {
				ALWAYS_EMBED_SWIFT_STANDARD_LIBRARIES = YES;
				CODE_SIGN_STYLE = Automatic;
				CURRENT_PROJECT_VERSION = 1;
				DEVELOPMENT_TEAM = 9RUVU3VWHV;
				GENERATE_INFOPLIST_FILE = YES;
				MARKETING_VERSION = 1.0;
				PRODUCT_BUNDLE_IDENTIFIER = SWS.DotCallUITests;
				PRODUCT_NAME = "$(TARGET_NAME)";
				SWIFT_EMIT_LOC_STRINGS = NO;
				SWIFT_VERSION = 5.0;
				TARGETED_DEVICE_FAMILY = "1,2";
				TEST_TARGET_NAME = DotCall;
			};
			name = Release;
		};
/* End XCBuildConfiguration section */

/* Begin XCConfigurationList section */
		E22B6BF42BD6261600D9E9CE /* Build configuration list for PBXProject "DotCall" */ = {
			isa = XCConfigurationList;
			buildConfigurations = (
				E22B6C212BD6261800D9E9CE /* Debug */,
				E22B6C222BD6261800D9E9CE /* Release */,
			);
			defaultConfigurationIsVisible = 0;
			defaultConfigurationName = Release;
		};
		E22B6C232BD6261800D9E9CE /* Build configuration list for PBXNativeTarget "DotCall" */ = {
			isa = XCConfigurationList;
			buildConfigurations = (
				E22B6C242BD6261800D9E9CE /* Debug */,
				E22B6C252BD6261800D9E9CE /* Release */,
			);
			defaultConfigurationIsVisible = 0;
			defaultConfigurationName = Release;
		};
		E22B6C262BD6261800D9E9CE /* Build configuration list for PBXNativeTarget "DotCallTests" */ = {
			isa = XCConfigurationList;
			buildConfigurations = (
				E22B6C272BD6261800D9E9CE /* Debug */,
				E22B6C282BD6261800D9E9CE /* Release */,
			);
			defaultConfigurationIsVisible = 0;
			defaultConfigurationName = Release;
		};
		E22B6C292BD6261800D9E9CE /* Build configuration list for PBXNativeTarget "DotCallUITests" */ = {
			isa = XCConfigurationList;
			buildConfigurations = (
				E22B6C2A2BD6261800D9E9CE /* Debug */,
				E22B6C2B2BD6261800D9E9CE /* Release */,
			);
			defaultConfigurationIsVisible = 0;
			defaultConfigurationName = Release;
		};
/* End XCConfigurationList section */

/* Begin XCRemoteSwiftPackageReference section */
		E28FEB2F2C103A2100AFD587 /* XCRemoteSwiftPackageReference "realm-swift" */ = {
			isa = XCRemoteSwiftPackageReference;
			repositoryURL = "https://github.com/realm/realm-swift.git";
			requirement = {
				branch = master;
				kind = branch;
			};
		};
		E28FEB342C103E5400AFD587 /* XCRemoteSwiftPackageReference "IQKeyboardManager" */ = {
			isa = XCRemoteSwiftPackageReference;
			repositoryURL = "https://github.com/hackiftekhar/IQKeyboardManager.git";
			requirement = {
				kind = upToNextMajorVersion;
				minimumVersion = 7.0.3;
			};
		};
		E28FEB352C103E7600AFD587 /* XCRemoteSwiftPackageReference "firebase-ios-sdk" */ = {
			isa = XCRemoteSwiftPackageReference;
			repositoryURL = "https://github.com/firebase/firebase-ios-sdk";
			requirement = {
				kind = upToNextMajorVersion;
				minimumVersion = 10.27.0;
			};
		};
/* End XCRemoteSwiftPackageReference section */

/* Begin XCSwiftPackageProductDependency section */
		E28FEB322C103A2100AFD587 /* RealmSwift */ = {
			isa = XCSwiftPackageProductDependency;
			package = E28FEB2F2C103A2100AFD587 /* XCRemoteSwiftPackageReference "realm-swift" */;
			productName = RealmSwift;
		};
		E28FEB362C103FA100AFD587 /* FirebaseAuth */ = {
			isa = XCSwiftPackageProductDependency;
			package = E28FEB352C103E7600AFD587 /* XCRemoteSwiftPackageReference "firebase-ios-sdk" */;
			productName = FirebaseAuth;
		};
		E28FEB382C103FC400AFD587 /* IQKeyboardManagerSwift */ = {
			isa = XCSwiftPackageProductDependency;
			package = E28FEB342C103E5400AFD587 /* XCRemoteSwiftPackageReference "IQKeyboardManager" */;
			productName = IQKeyboardManagerSwift;
		};
		E28FEB3A2C103FD400AFD587 /* FirebaseFirestore */ = {
			isa = XCSwiftPackageProductDependency;
			package = E28FEB352C103E7600AFD587 /* XCRemoteSwiftPackageReference "firebase-ios-sdk" */;
			productName = FirebaseFirestore;
		};
/* End XCSwiftPackageProductDependency section */
	};
	rootObject = E22B6BF12BD6261600D9E9CE /* Project object */;
}
